
Microsoft Visual Studio Solution File, Format Version 12.00
# Visual Studio 15
VisualStudioVersion = 15.0.26124.0
MinimumVisualStudioVersion = 15.0.26124.0
Project("{2150E333-8FDC-42A3-9474-1A3956D46DE8}") = "src", "src", "{7573119E-30C6-4AC1-832C-5E305CFA2D72}"
EndProject
Project("{FAE04EC0-301F-11D3-BF4B-00C04F79EFBC}") = "CommandAPI", "src\CommandAPI\CommandAPI.csproj", "{DF24F5AE-132C-4EB1-A2FC-CEBB7BD0B345}"
EndProject
Project("{2150E333-8FDC-42A3-9474-1A3956D46DE8}") = "test", "test", "{E07C2D96-015B-45E3-B703-DE74A2DB88CD}"
EndProject
Project("{FAE04EC0-301F-11D3-BF4B-00C04F79EFBC}") = "CommandAPI.Tests", "test\CommandAPI.Tests\CommandAPI.Tests.csproj", "{AC46EFA5-BFC9-431B-BC35-AC9407AB1899}"
EndProject
Global
	GlobalSection(SolutionConfigurationPlatforms) = preSolution
		Debug|Any CPU = Debug|Any CPU
		Debug|x64 = Debug|x64
		Debug|x86 = Debug|x86
		Release|Any CPU = Release|Any CPU
		Release|x64 = Release|x64
		Release|x86 = Release|x86
	EndGlobalSection
	GlobalSection(SolutionProperties) = preSolution
		HideSolutionNode = FALSE
	EndGlobalSection
	GlobalSection(ProjectConfigurationPlatforms) = postSolution
		{DF24F5AE-132C-4EB1-A2FC-CEBB7BD0B345}.Debug|Any CPU.ActiveCfg = Debug|Any CPU
		{DF24F5AE-132C-4EB1-A2FC-CEBB7BD0B345}.Debug|Any CPU.Build.0 = Debug|Any CPU
		{DF24F5AE-132C-4EB1-A2FC-CEBB7BD0B345}.Debug|x64.ActiveCfg = Debug|Any CPU
		{DF24F5AE-132C-4EB1-A2FC-CEBB7BD0B345}.Debug|x64.Build.0 = Debug|Any CPU
		{DF24F5AE-132C-4EB1-A2FC-CEBB7BD0B345}.Debug|x86.ActiveCfg = Debug|Any CPU
		{DF24F5AE-132C-4EB1-A2FC-CEBB7BD0B345}.Debug|x86.Build.0 = Debug|Any CPU
		{DF24F5AE-132C-4EB1-A2FC-CEBB7BD0B345}.Release|Any CPU.ActiveCfg = Release|Any CPU
		{DF24F5AE-132C-4EB1-A2FC-CEBB7BD0B345}.Release|Any CPU.Build.0 = Release|Any CPU
		{DF24F5AE-132C-4EB1-A2FC-CEBB7BD0B345}.Release|x64.ActiveCfg = Release|Any CPU
		{DF24F5AE-132C-4EB1-A2FC-CEBB7BD0B345}.Release|x64.Build.0 = Release|Any CPU
		{DF24F5AE-132C-4EB1-A2FC-CEBB7BD0B345}.Release|x86.ActiveCfg = Release|Any CPU
		{DF24F5AE-132C-4EB1-A2FC-CEBB7BD0B345}.Release|x86.Build.0 = Release|Any CPU
		{AC46EFA5-BFC9-431B-BC35-AC9407AB1899}.Debug|Any CPU.ActiveCfg = Debug|Any CPU
		{AC46EFA5-BFC9-431B-BC35-AC9407AB1899}.Debug|Any CPU.Build.0 = Debug|Any CPU
		{AC46EFA5-BFC9-431B-BC35-AC9407AB1899}.Debug|x64.ActiveCfg = Debug|Any CPU
		{AC46EFA5-BFC9-431B-BC35-AC9407AB1899}.Debug|x64.Build.0 = Debug|Any CPU
		{AC46EFA5-BFC9-431B-BC35-AC9407AB1899}.Debug|x86.ActiveCfg = Debug|Any CPU
		{AC46EFA5-BFC9-431B-BC35-AC9407AB1899}.Debug|x86.Build.0 = Debug|Any CPU
		{AC46EFA5-BFC9-431B-BC35-AC9407AB1899}.Release|Any CPU.ActiveCfg = Release|Any CPU
		{AC46EFA5-BFC9-431B-BC35-AC9407AB1899}.Release|Any CPU.Build.0 = Release|Any CPU
		{AC46EFA5-BFC9-431B-BC35-AC9407AB1899}.Release|x64.ActiveCfg = Release|Any CPU
		{AC46EFA5-BFC9-431B-BC35-AC9407AB1899}.Release|x64.Build.0 = Release|Any CPU
		{AC46EFA5-BFC9-431B-BC35-AC9407AB1899}.Release|x86.ActiveCfg = Release|Any CPU
		{AC46EFA5-BFC9-431B-BC35-AC9407AB1899}.Release|x86.Build.0 = Release|Any CPU
	EndGlobalSection
	GlobalSection(NestedProjects) = preSolution
		{DF24F5AE-132C-4EB1-A2FC-CEBB7BD0B345} = {7573119E-30C6-4AC1-832C-5E305CFA2D72}
		{AC46EFA5-BFC9-431B-BC35-AC9407AB1899} = {E07C2D96-015B-45E3-B703-DE74A2DB88CD}
	EndGlobalSection
EndGlobal
